
Microsoft Visual Studio Solution File, Format Version 12.00
# Visual Studio Version 16
VisualStudioVersion = 16.0.30621.155
MinimumVisualStudioVersion = 10.0.40219.1
Project("{9A19103F-16F7-4668-BE54-9A1E7A4F7556}") = "Tracker", "Traker\Tracker.csproj", "{B12239A9-6BBD-404D-B2EC-86D86595C8A7}"
EndProject
Project("{9A19103F-16F7-4668-BE54-9A1E7A4F7556}") = "Tracker.DataAccess", "Tracker.DataAccess\Tracker.DataAccess.csproj", "{CCB87358-9500-4DE5-8566-136B5D91CC61}"
EndProject
Project("{9A19103F-16F7-4668-BE54-9A1E7A4F7556}") = "Tracker.Services", "Tracker.Services\Tracker.Services.csproj", "{6DE4561E-7EE6-47C3-8CA9-A9A78CA43192}"
EndProject
Project("{FAE04EC0-301F-11D3-BF4B-00C04F79EFBC}") = "Tracker.Integrations", "Tracker.Integrations\Tracker.Integrations.csproj", "{C528CF98-73C4-42DC-848B-E6695036941F}"
EndProject
Global
	GlobalSection(SolutionConfigurationPlatforms) = preSolution
		Debug|Any CPU = Debug|Any CPU
		Release|Any CPU = Release|Any CPU
	EndGlobalSection
	GlobalSection(ProjectConfigurationPlatforms) = postSolution
		{B12239A9-6BBD-404D-B2EC-86D86595C8A7}.Debug|Any CPU.ActiveCfg = Debug|Any CPU
		{B12239A9-6BBD-404D-B2EC-86D86595C8A7}.Debug|Any CPU.Build.0 = Debug|Any CPU
		{B12239A9-6BBD-404D-B2EC-86D86595C8A7}.Release|Any CPU.ActiveCfg = Release|Any CPU
		{B12239A9-6BBD-404D-B2EC-86D86595C8A7}.Release|Any CPU.Build.0 = Release|Any CPU
		{CCB87358-9500-4DE5-8566-136B5D91CC61}.Debug|Any CPU.ActiveCfg = Debug|Any CPU
		{CCB87358-9500-4DE5-8566-136B5D91CC61}.Debug|Any CPU.Build.0 = Debug|Any CPU
		{CCB87358-9500-4DE5-8566-136B5D91CC61}.Release|Any CPU.ActiveCfg = Release|Any CPU
		{CCB87358-9500-4DE5-8566-136B5D91CC61}.Release|Any CPU.Build.0 = Release|Any CPU
		{6DE4561E-7EE6-47C3-8CA9-A9A78CA43192}.Debug|Any CPU.ActiveCfg = Debug|Any CPU
		{6DE4561E-7EE6-47C3-8CA9-A9A78CA43192}.Debug|Any CPU.Build.0 = Debug|Any CPU
		{6DE4561E-7EE6-47C3-8CA9-A9A78CA43192}.Release|Any CPU.ActiveCfg = Release|Any CPU
		{6DE4561E-7EE6-47C3-8CA9-A9A78CA43192}.Release|Any CPU.Build.0 = Release|Any CPU
		{C528CF98-73C4-42DC-848B-E6695036941F}.Debug|Any CPU.ActiveCfg = Debug|Any CPU
		{C528CF98-73C4-42DC-848B-E6695036941F}.Debug|Any CPU.Build.0 = Debug|Any CPU
		{C528CF98-73C4-42DC-848B-E6695036941F}.Release|Any CPU.ActiveCfg = Release|Any CPU
		{C528CF98-73C4-42DC-848B-E6695036941F}.Release|Any CPU.Build.0 = Release|Any CPU
	EndGlobalSection
	GlobalSection(SolutionProperties) = preSolution
		HideSolutionNode = FALSE
	EndGlobalSection
	GlobalSection(ExtensibilityGlobals) = postSolution
		SolutionGuid = {C322DED5-F853-4FE3-8E8F-FDA9FA3E577A}
	EndGlobalSection
EndGlobal
